// !$*UTF8*$!
{
	archiveVersion = 1;
	classes = {
	};
	objectVersion = 50;
	objects = {

/* Begin PBXBuildFile section */
		2A39A69B234F79FC002CCDDC /* AppDelegate.swift in Sources */ = {isa = PBXBuildFile; fileRef = 2A39A69A234F79FC002CCDDC /* AppDelegate.swift */; };
		2A39A69D234F79FC002CCDDC /* ViewController.swift in Sources */ = {isa = PBXBuildFile; fileRef = 2A39A69C234F79FC002CCDDC /* ViewController.swift */; };
		2A39A6A0234F79FC002CCDDC /* Main.storyboard in Resources */ = {isa = PBXBuildFile; fileRef = 2A39A69E234F79FC002CCDDC /* Main.storyboard */; };
		2A39A6A2234F79FF002CCDDC /* Assets.xcassets in Resources */ = {isa = PBXBuildFile; fileRef = 2A39A6A1234F79FF002CCDDC /* Assets.xcassets */; };
		2A39A6A5234F79FF002CCDDC /* LaunchScreen.storyboard in Resources */ = {isa = PBXBuildFile; fileRef = 2A39A6A3234F79FF002CCDDC /* LaunchScreen.storyboard */; };
		719E36BDF95195E5B360FC2C /* Pods_d07.framework in Frameworks */ = {isa = PBXBuildFile; fileRef = 5F2582CE65FE2A45B58700F1 /* Pods_d07.framework */; };
/* End PBXBuildFile section */

/* Begin PBXFileReference section */
		2A39A697234F79FC002CCDDC /* d07.app */ = {isa = PBXFileReference; explicitFileType = wrapper.application; includeInIndex = 0; path = d07.app; sourceTree = BUILT_PRODUCTS_DIR; };
		2A39A69A234F79FC002CCDDC /* AppDelegate.swift */ = {isa = PBXFileReference; lastKnownFileType = sourcecode.swift; path = AppDelegate.swift; sourceTree = "<group>"; };
		2A39A69C234F79FC002CCDDC /* ViewController.swift */ = {isa = PBXFileReference; lastKnownFileType = sourcecode.swift; path = ViewController.swift; sourceTree = "<group>"; };
		2A39A69F234F79FC002CCDDC /* Base */ = {isa = PBXFileReference; lastKnownFileType = file.storyboard; name = Base; path = Base.lproj/Main.storyboard; sourceTree = "<group>"; };
		2A39A6A1234F79FF002CCDDC /* Assets.xcassets */ = {isa = PBXFileReference; lastKnownFileType = folder.assetcatalog; path = Assets.xcassets; sourceTree = "<group>"; };
		2A39A6A4234F79FF002CCDDC /* Base */ = {isa = PBXFileReference; lastKnownFileType = file.storyboard; name = Base; path = Base.lproj/LaunchScreen.storyboard; sourceTree = "<group>"; };
		2A39A6A6234F79FF002CCDDC /* Info.plist */ = {isa = PBXFileReference; lastKnownFileType = text.plist.xml; path = Info.plist; sourceTree = "<group>"; };
		5F2582CE65FE2A45B58700F1 /* Pods_d07.framework */ = {isa = PBXFileReference; explicitFileType = wrapper.framework; includeInIndex = 0; path = Pods_d07.framework; sourceTree = BUILT_PRODUCTS_DIR; };
		945A60566A7DC6CE454AE42B /* Pods-d07.debug.xcconfig */ = {isa = PBXFileReference; includeInIndex = 1; lastKnownFileType = text.xcconfig; name = "Pods-d07.debug.xcconfig"; path = "Target Support Files/Pods-d07/Pods-d07.debug.xcconfig"; sourceTree = "<group>"; };
		DE9B69659C05CC3BEE2E7886 /* Pods-d07.release.xcconfig */ = {isa = PBXFileReference; includeInIndex = 1; lastKnownFileType = text.xcconfig; name = "Pods-d07.release.xcconfig"; path = "Target Support Files/Pods-d07/Pods-d07.release.xcconfig"; sourceTree = "<group>"; };
/* End PBXFileReference section */

/* Begin PBXFrameworksBuildPhase section */
		2A39A694234F79FC002CCDDC /* Frameworks */ = {
			isa = PBXFrameworksBuildPhase;
			buildActionMask = 2147483647;
			files = (
				719E36BDF95195E5B360FC2C /* Pods_d07.framework in Frameworks */,
			);
			runOnlyForDeploymentPostprocessing = 0;
		};
/* End PBXFrameworksBuildPhase section */

/* Begin PBXGroup section */
		2A39A68E234F79FC002CCDDC = {
			isa = PBXGroup;
			children = (
				2A39A699234F79FC002CCDDC /* d07 */,
				2A39A698234F79FC002CCDDC /* Products */,
				741B156D5704788D4F7F4AC3 /* Pods */,
				5413ABA69BB7503BEDF843DF /* Frameworks */,
			);
			sourceTree = "<group>";
		};
		2A39A698234F79FC002CCDDC /* Products */ = {
			isa = PBXGroup;
			children = (
				2A39A697234F79FC002CCDDC /* d07.app */,
			);
			name = Products;
			sourceTree = "<group>";
		};
		2A39A699234F79FC002CCDDC /* d07 */ = {
			isa = PBXGroup;
			children = (
				2A39A69A234F79FC002CCDDC /* AppDelegate.swift */,
				2A39A69C234F79FC002CCDDC /* ViewController.swift */,
				2A39A69E234F79FC002CCDDC /* Main.storyboard */,
				2A39A6A1234F79FF002CCDDC /* Assets.xcassets */,
				2A39A6A3234F79FF002CCDDC /* LaunchScreen.storyboard */,
				2A39A6A6234F79FF002CCDDC /* Info.plist */,
			);
			path = d07;
			sourceTree = "<group>";
		};
		5413ABA69BB7503BEDF843DF /* Frameworks */ = {
			isa = PBXGroup;
			children = (
				5F2582CE65FE2A45B58700F1 /* Pods_d07.framework */,
			);
			name = Frameworks;
			sourceTree = "<group>";
		};
		741B156D5704788D4F7F4AC3 /* Pods */ = {
			isa = PBXGroup;
			children = (
				945A60566A7DC6CE454AE42B /* Pods-d07.debug.xcconfig */,
				DE9B69659C05CC3BEE2E7886 /* Pods-d07.release.xcconfig */,
			);
			name = Pods;
			path = Pods;
			sourceTree = "<group>";
		};
/* End PBXGroup section */

/* Begin PBXNativeTarget section */
		2A39A696234F79FC002CCDDC /* d07 */ = {
			isa = PBXNativeTarget;
			buildConfigurationList = 2A39A6A9234F79FF002CCDDC /* Build configuration list for PBXNativeTarget "d07" */;
			buildPhases = (
				63E63CD8EFE317876E434ADE /* [CP] Check Pods Manifest.lock */,
				2A39A693234F79FC002CCDDC /* Sources */,
				2A39A694234F79FC002CCDDC /* Frameworks */,
				2A39A695234F79FC002CCDDC /* Resources */,
				F209BECDD9B0F6AE01EDD7CA /* [CP] Embed Pods Frameworks */,
			);
			buildRules = (
			);
			dependencies = (
			);
			name = d07;
			productName = d07;
			productReference = 2A39A697234F79FC002CCDDC /* d07.app */;
			productType = "com.apple.product-type.application";
		};
/* End PBXNativeTarget section */

/* Begin PBXProject section */
		2A39A68F234F79FC002CCDDC /* Project object */ = {
			isa = PBXProject;
			attributes = {
				LastSwiftUpdateCheck = 1020;
				LastUpgradeCheck = 1020;
				ORGANIZATIONNAME = "Mykola ZHURBA";
				TargetAttributes = {
					2A39A696234F79FC002CCDDC = {
						CreatedOnToolsVersion = 10.2.1;
					};
				};
			};
			buildConfigurationList = 2A39A692234F79FC002CCDDC /* Build configuration list for PBXProject "d07" */;
			compatibilityVersion = "Xcode 9.3";
			developmentRegion = en;
			hasScannedForEncodings = 0;
			knownRegions = (
				en,
				Base,
			);
			mainGroup = 2A39A68E234F79FC002CCDDC;
			productRefGroup = 2A39A698234F79FC002CCDDC /* Products */;
			projectDirPath = "";
			projectRoot = "";
			targets = (
				2A39A696234F79FC002CCDDC /* d07 */,
			);
		};
/* End PBXProject section */

/* Begin PBXResourcesBuildPhase section */
		2A39A695234F79FC002CCDDC /* Resources */ = {
			isa = PBXResourcesBuildPhase;
			buildActionMask = 2147483647;
			files = (
				2A39A6A5234F79FF002CCDDC /* LaunchScreen.storyboard in Resources */,
				2A39A6A2234F79FF002CCDDC /* Assets.xcassets in Resources */,
				2A39A6A0234F79FC002CCDDC /* Main.storyboard in Resources */,
			);
			runOnlyForDeploymentPostprocessing = 0;
		};
/* End PBXResourcesBuildPhase section */

/* Begin PBXShellScriptBuildPhase section */
		63E63CD8EFE317876E434ADE /* [CP] Check Pods Manifest.lock */ = {
			isa = PBXShellScriptBuildPhase;
			buildActionMask = 2147483647;
			files = (
			);
			inputFileListPaths = (
			);
			inputPaths = (
				"${PODS_PODFILE_DIR_PATH}/Podfile.lock",
				"${PODS_ROOT}/Manifest.lock",
			);
			name = "[CP] Check Pods Manifest.lock";
			outputFileListPaths = (
			);
			outputPaths = (
				"$(DERIVED_FILE_DIR)/Pods-d07-checkManifestLockResult.txt",
			);
			runOnlyForDeploymentPostprocessing = 0;
			shellPath = /bin/sh;
			shellScript = "diff \"${PODS_PODFILE_DIR_PATH}/Podfile.lock\" \"${PODS_ROOT}/Manifest.lock\" > /dev/null\nif [ $? != 0 ] ; then\n    # print error to STDERR\n    echo \"error: The sandbox is not in sync with the Podfile.lock. Run 'pod install' or update your CocoaPods installation.\" >&2\n    exit 1\nfi\n# This output is used by Xcode 'outputs' to avoid re-running this script phase.\necho \"SUCCESS\" > \"${SCRIPT_OUTPUT_FILE_0}\"\n";
			showEnvVarsInLog = 0;
		};
		F209BECDD9B0F6AE01EDD7CA /* [CP] Embed Pods Frameworks */ = {
			isa = PBXShellScriptBuildPhase;
			buildActionMask = 2147483647;
			files = (
			);
			inputFileListPaths = (
				"${PODS_ROOT}/Target Support Files/Pods-d07/Pods-d07-frameworks-${CONFIGURATION}-input-files.xcfilelist",
			);
			name = "[CP] Embed Pods Frameworks";
			outputFileListPaths = (
				"${PODS_ROOT}/Target Support Files/Pods-d07/Pods-d07-frameworks-${CONFIGURATION}-output-files.xcfilelist",
			);
			runOnlyForDeploymentPostprocessing = 0;
			shellPath = /bin/sh;
			shellScript = "\"${PODS_ROOT}/Target Support Files/Pods-d07/Pods-d07-frameworks.sh\"\n";
			showEnvVarsInLog = 0;
		};
/* End PBXShellScriptBuildPhase section */

/* Begin PBXSourcesBuildPhase section */
		2A39A693234F79FC002CCDDC /* Sources */ = {
			isa = PBXSourcesBuildPhase;
			buildActionMask = 2147483647;
			files = (
				2A39A69D234F79FC002CCDDC /* ViewController.swift in Sources */,
				2A39A69B234F79FC002CCDDC /* AppDelegate.swift in Sources */,
			);
			runOnlyForDeploymentPostprocessing = 0;
		};
/* End PBXSourcesBuildPhase section */

/* Begin PBXVariantGroup section */
		2A39A69E234F79FC002CCDDC /* Main.storyboard */ = {
			isa = PBXVariantGroup;
			children = (
				2A39A69F234F79FC002CCDDC /* Base */,
			);
			name = Main.storyboard;
			sourceTree = "<group>";
		};
		2A39A6A3234F79FF002CCDDC /* LaunchScreen.storyboard */ = {
			isa = PBXVariantGroup;
			children = (
				2A39A6A4234F79FF002CCDDC /* Base */,
			);
			name = LaunchScreen.storyboard;
			sourceTree = "<group>";
		};
/* End PBXVariantGroup section */

/* Begin XCBuildConfiguration section */
		2A39A6A7234F79FF002CCDDC /* Debug */ = {
			isa = XCBuildConfiguration;
			buildSettings = {
				ALWAYS_SEARCH_USER_PATHS = NO;
				CLANG_ANALYZER_NONNULL = YES;
				CLANG_ANALYZER_NUMBER_OBJECT_CONVERSION = YES_AGGRESSIVE;
				CLANG_CXX_LANGUAGE_STANDARD = "gnu++14";
				CLANG_CXX_LIBRARY = "libc++";
				CLANG_ENABLE_MODULES = YES;
				CLANG_ENABLE_OBJC_ARC = YES;
				CLANG_ENABLE_OBJC_WEAK = YES;
				CLANG_WARN_BLOCK_CAPTURE_AUTORELEASING = YES;
				CLANG_WARN_BOOL_CONVERSION = YES;
				CLANG_WARN_COMMA = YES;
				CLANG_WARN_CONSTANT_CONVERSION = YES;
				CLANG_WARN_DEPRECATED_OBJC_IMPLEMENTATIONS = YES;
				CLANG_WARN_DIRECT_OBJC_ISA_USAGE = YES_ERROR;
				CLANG_WARN_DOCUMENTATION_COMMENTS = YES;
				CLANG_WARN_EMPTY_BODY = YES;
				CLANG_WARN_ENUM_CONVERSION = YES;
				CLANG_WARN_INFINITE_RECURSION = YES;
				CLANG_WARN_INT_CONVERSION = YES;
				CLANG_WARN_NON_LITERAL_NULL_CONVERSION = YES;
				CLANG_WARN_OBJC_IMPLICIT_RETAIN_SELF = YES;
				CLANG_WARN_OBJC_LITERAL_CONVERSION = YES;
				CLANG_WARN_OBJC_ROOT_CLASS = YES_ERROR;
				CLANG_WARN_RANGE_LOOP_ANALYSIS = YES;
				CLANG_WARN_STRICT_PROTOTYPES = YES;
				CLANG_WARN_SUSPICIOUS_MOVE = YES;
				CLANG_WARN_UNGUARDED_AVAILABILITY = YES_AGGRESSIVE;
				CLANG_WARN_UNREACHABLE_CODE = YES;
				CLANG_WARN__DUPLICATE_METHOD_MATCH = YES;
				CODE_SIGN_IDENTITY = "iPhone Developer";
				COPY_PHASE_STRIP = NO;
				DEBUG_INFORMATION_FORMAT = dwarf;
				ENABLE_STRICT_OBJC_MSGSEND = YES;
				ENABLE_TESTABILITY = YES;
				GCC_C_LANGUAGE_STANDARD = gnu11;
				GCC_DYNAMIC_NO_PIC = NO;
				GCC_NO_COMMON_BLOCKS = YES;
				GCC_OPTIMIZATION_LEVEL = 0;
				GCC_PREPROCESSOR_DEFINITIONS = (
					"DEBUG=1",
					"$(inherited)",
				);
				GCC_WARN_64_TO_32_BIT_CONVERSION = YES;
				GCC_WARN_ABOUT_RETURN_TYPE = YES_ERROR;
				GCC_WARN_UNDECLARED_SELECTOR = YES;
				GCC_WARN_UNINITIALIZED_AUTOS = YES_AGGRESSIVE;
				GCC_WARN_UNUSED_FUNCTION = YES;
				GCC_WARN_UNUSED_VARIABLE = YES;
				IPHONEOS_DEPLOYMENT_TARGET = 12.2;
				MTL_ENABLE_DEBUG_INFO = INCLUDE_SOURCE;
				MTL_FAST_MATH = YES;
				ONLY_ACTIVE_ARCH = YES;
				SDKROOT = iphoneos;
				SWIFT_ACTIVE_COMPILATION_CONDITIONS = DEBUG;
				SWIFT_OPTIMIZATION_LEVEL = "-Onone";
			};
			name = Debug;
		};
		2A39A6A8234F79FF002CCDDC /* Release */ = {
			isa = XCBuildConfiguration;
			buildSettings = {
				ALWAYS_SEARCH_USER_PATHS = NO;
				CLANG_ANALYZER_NONNULL = YES;
				CLANG_ANALYZER_NUMBER_OBJECT_CONVERSION = YES_AGGRESSIVE;
				CLANG_CXX_LANGUAGE_STANDARD = "gnu++14";
				CLANG_CXX_LIBRARY = "libc++";
				CLANG_ENABLE_MODULES = YES;
				CLANG_ENABLE_OBJC_ARC = YES;
				CLANG_ENABLE_OBJC_WEAK = YES;
				CLANG_WARN_BLOCK_CAPTURE_AUTORELEASING = YES;
				CLANG_WARN_BOOL_CONVERSION = YES;
				CLANG_WARN_COMMA = YES;
				CLANG_WARN_CONSTANT_CONVERSION = YES;
				CLANG_WARN_DEPRECATED_OBJC_IMPLEMENTATIONS = YES;
				CLANG_WARN_DIRECT_OBJC_ISA_USAGE = YES_ERROR;
				CLANG_WARN_DOCUMENTATION_COMMENTS = YES;
				CLANG_WARN_EMPTY_BODY = YES;
				CLANG_WARN_ENUM_CONVERSION = YES;
				CLANG_WARN_INFINITE_RECURSION = YES;
				CLANG_WARN_INT_CONVERSION = YES;
				CLANG_WARN_NON_LITERAL_NULL_CONVERSION = YES;
				CLANG_WARN_OBJC_IMPLICIT_RETAIN_SELF = YES;
				CLANG_WARN_OBJC_LITERAL_CONVERSION = YES;
				CLANG_WARN_OBJC_ROOT_CLASS = YES_ERROR;
				CLANG_WARN_RANGE_LOOP_ANALYSIS = YES;
				CLANG_WARN_STRICT_PROTOTYPES = YES;
				CLANG_WARN_SUSPICIOUS_MOVE = YES;
				CLANG_WARN_UNGUARDED_AVAILABILITY = YES_AGGRESSIVE;
				CLANG_WARN_UNREACHABLE_CODE = YES;
				CLANG_WARN__DUPLICATE_METHOD_MATCH = YES;
				CODE_SIGN_IDENTITY = "iPhone Developer";
				COPY_PHASE_STRIP = NO;
				DEBUG_INFORMATION_FORMAT = "dwarf-with-dsym";
				ENABLE_NS_ASSERTIONS = NO;
				ENABLE_STRICT_OBJC_MSGSEND = YES;
				GCC_C_LANGUAGE_STANDARD = gnu11;
				GCC_NO_COMMON_BLOCKS = YES;
				GCC_WARN_64_TO_32_BIT_CONVERSION = YES;
				GCC_WARN_ABOUT_RETURN_TYPE = YES_ERROR;
				GCC_WARN_UNDECLARED_SELECTOR = YES;
				GCC_WARN_UNINITIALIZED_AUTOS = YES_AGGRESSIVE;
				GCC_WARN_UNUSED_FUNCTION = YES;
				GCC_WARN_UNUSED_VARIABLE = YES;
				IPHONEOS_DEPLOYMENT_TARGET = 12.2;
				MTL_ENABLE_DEBUG_INFO = NO;
				MTL_FAST_MATH = YES;
				SDKROOT = iphoneos;
				SWIFT_COMPILATION_MODE = wholemodule;
				SWIFT_OPTIMIZATION_LEVEL = "-O";
				VALIDATE_PRODUCT = YES;
			};
			name = Release;
		};
		2A39A6AA234F79FF002CCDDC /* Debug */ = {
			isa = XCBuildConfiguration;
			baseConfigurationReference = 945A60566A7DC6CE454AE42B /* Pods-d07.debug.xcconfig */;
			buildSettings = {
				ASSETCATALOG_COMPILER_APPICON_NAME = AppIcon;
				CODE_SIGN_STYLE = Automatic;
				INFOPLIST_FILE = d07/Info.plist;
				LD_RUNPATH_SEARCH_PATHS = (
					"$(inherited)",
					"@executable_path/Frameworks",
				);
				PRODUCT_BUNDLE_IDENTIFIER = mzhurba.d07;
				PRODUCT_NAME = "$(TARGET_NAME)";
				SWIFT_VERSION = 5.0;
				TARGETED_DEVICE_FAMILY = "1,2";
			};
			name = Debug;
		};
		2A39A6AB234F79FF002CCDDC /* Release */ = {
			isa = XCBuildConfiguration;
			baseConfigurationReference = DE9B69659C05CC3BEE2E7886 /* Pods-d07.release.xcconfig */;
			buildSettings = {
				ASSETCATALOG_COMPILER_APPICON_NAME = AppIcon;
				CODE_SIGN_STYLE = Automatic;
				INFOPLIST_FILE = d07/Info.plist;
				LD_RUNPATH_SEARCH_PATHS = (
					"$(inherited)",
					"@executable_path/Frameworks",
				);
				PRODUCT_BUNDLE_IDENTIFIER = mzhurba.d07;
				PRODUCT_NAME = "$(TARGET_NAME)";
				SWIFT_VERSION = 5.0;
				TARGETED_DEVICE_FAMILY = "1,2";
			};
			name = Release;
		};
/* End XCBuildConfiguration section */

/* Begin XCConfigurationList section */
		2A39A692234F79FC002CCDDC /* Build configuration list for PBXProject "d07" */ = {
			isa = XCConfigurationList;
			buildConfigurations = (
				2A39A6A7234F79FF002CCDDC /* Debug */,
				2A39A6A8234F79FF002CCDDC /* Release */,
			);
			defaultConfigurationIsVisible = 0;
			defaultConfigurationName = Release;
		};
		2A39A6A9234F79FF002CCDDC /* Build configuration list for PBXNativeTarget "d07" */ = {
			isa = XCConfigurationList;
			buildConfigurations = (
				2A39A6AA234F79FF002CCDDC /* Debug */,
				2A39A6AB234F79FF002CCDDC /* Release */,
			);
			defaultConfigurationIsVisible = 0;
			defaultConfigurationName = Release;
		};
/* End XCConfigurationList section */
	};
	rootObject = 2A39A68F234F79FC002CCDDC /* Project object */;
}
